// !$*UTF8*$!
{
	archiveVersion = 1;
	classes = {
	};
	objectVersion = 50;
	objects = {

/* Begin PBXBuildFile section */
		2FFA204E22C9DB1400168A7B /* AppDelegate.m in Sources */ = {isa = PBXBuildFile; fileRef = 2FFA204D22C9DB1400168A7B /* AppDelegate.m */; };
		2FFA205422C9DB1400168A7B /* Main.storyboard in Resources */ = {isa = PBXBuildFile; fileRef = 2FFA205222C9DB1400168A7B /* Main.storyboard */; };
		2FFA205622C9DB1700168A7B /* Assets.xcassets in Resources */ = {isa = PBXBuildFile; fileRef = 2FFA205522C9DB1700168A7B /* Assets.xcassets */; };
		2FFA205922C9DB1700168A7B /* LaunchScreen.storyboard in Resources */ = {isa = PBXBuildFile; fileRef = 2FFA205722C9DB1700168A7B /* LaunchScreen.storyboard */; };
		2FFA205C22C9DB1700168A7B /* main.m in Sources */ = {isa = PBXBuildFile; fileRef = 2FFA205B22C9DB1700168A7B /* main.m */; };
		2FFA206322C9DC6700168A7B /* large_leaves_70mp.jpg in Resources */ = {isa = PBXBuildFile; fileRef = 2FFA206222C9DC6700168A7B /* large_leaves_70mp.jpg */; };
		2FFA206C22CAFCEE00168A7B /* TableViewController.m in Sources */ = {isa = PBXBuildFile; fileRef = 2FFA206B22CAFCEE00168A7B /* TableViewController.m */; };
		2FFA206F22CB32F100168A7B /* DownsizeImageViewController.m in Sources */ = {isa = PBXBuildFile; fileRef = 2FFA206E22CB32F100168A7B /* DownsizeImageViewController.m */; };
		2FFA207322CB3A5300168A7B /* UIImageView+DownsizeLargeImage.m in Sources */ = {isa = PBXBuildFile; fileRef = 2FFA207222CB3A5300168A7B /* UIImageView+DownsizeLargeImage.m */; };
/* End PBXBuildFile section */

/* Begin PBXFileReference section */
		2FFA204922C9DB1400168A7B /* LargeImageDownsizing.app */ = {isa = PBXFileReference; explicitFileType = wrapper.application; includeInIndex = 0; path = LargeImageDownsizing.app; sourceTree = BUILT_PRODUCTS_DIR; };
		2FFA204C22C9DB1400168A7B /* AppDelegate.h */ = {isa = PBXFileReference; lastKnownFileType = sourcecode.c.h; path = AppDelegate.h; sourceTree = "<group>"; };
		2FFA204D22C9DB1400168A7B /* AppDelegate.m */ = {isa = PBXFileReference; lastKnownFileType = sourcecode.c.objc; path = AppDelegate.m; sourceTree = "<group>"; };
		2FFA205322C9DB1400168A7B /* Base */ = {isa = PBXFileReference; lastKnownFileType = file.storyboard; name = Base; path = Base.lproj/Main.storyboard; sourceTree = "<group>"; };
		2FFA205522C9DB1700168A7B /* Assets.xcassets */ = {isa = PBXFileReference; lastKnownFileType = folder.assetcatalog; path = Assets.xcassets; sourceTree = "<group>"; };
		2FFA205822C9DB1700168A7B /* Base */ = {isa = PBXFileReference; lastKnownFileType = file.storyboard; name = Base; path = Base.lproj/LaunchScreen.storyboard; sourceTree = "<group>"; };
		2FFA205A22C9DB1700168A7B /* Info.plist */ = {isa = PBXFileReference; lastKnownFileType = text.plist.xml; path = Info.plist; sourceTree = "<group>"; };
		2FFA205B22C9DB1700168A7B /* main.m */ = {isa = PBXFileReference; lastKnownFileType = sourcecode.c.objc; path = main.m; sourceTree = "<group>"; };
		2FFA206222C9DC6700168A7B /* large_leaves_70mp.jpg */ = {isa = PBXFileReference; lastKnownFileType = image.jpeg; path = large_leaves_70mp.jpg; sourceTree = "<group>"; };
		2FFA206A22CAFCEE00168A7B /* TableViewController.h */ = {isa = PBXFileReference; lastKnownFileType = sourcecode.c.h; path = TableViewController.h; sourceTree = "<group>"; };
		2FFA206B22CAFCEE00168A7B /* TableViewController.m */ = {isa = PBXFileReference; lastKnownFileType = sourcecode.c.objc; path = TableViewController.m; sourceTree = "<group>"; };
		2FFA206D22CB32F100168A7B /* DownsizeImageViewController.h */ = {isa = PBXFileReference; lastKnownFileType = sourcecode.c.h; path = DownsizeImageViewController.h; sourceTree = "<group>"; };
		2FFA206E22CB32F100168A7B /* DownsizeImageViewController.m */ = {isa = PBXFileReference; lastKnownFileType = sourcecode.c.objc; path = DownsizeImageViewController.m; sourceTree = "<group>"; };
		2FFA207122CB3A5300168A7B /* UIImageView+DownsizeLargeImage.h */ = {isa = PBXFileReference; lastKnownFileType = sourcecode.c.h; path = "UIImageView+DownsizeLargeImage.h"; sourceTree = "<group>"; };
		2FFA207222CB3A5300168A7B /* UIImageView+DownsizeLargeImage.m */ = {isa = PBXFileReference; lastKnownFileType = sourcecode.c.objc; path = "UIImageView+DownsizeLargeImage.m"; sourceTree = "<group>"; };
/* End PBXFileReference section */

/* Begin PBXFrameworksBuildPhase section */
		2FFA204622C9DB1400168A7B /* Frameworks */ = {
			isa = PBXFrameworksBuildPhase;
			buildActionMask = 2147483647;
			files = (
			);
			runOnlyForDeploymentPostprocessing = 0;
		};
/* End PBXFrameworksBuildPhase section */

/* Begin PBXGroup section */
		2FFA204022C9DB1400168A7B = {
			isa = PBXGroup;
			children = (
				2FFA204B22C9DB1400168A7B /* LargeImageDownsizing */,
				2FFA204A22C9DB1400168A7B /* Products */,
			);
			sourceTree = "<group>";
		};
		2FFA204A22C9DB1400168A7B /* Products */ = {
			isa = PBXGroup;
			children = (
				2FFA204922C9DB1400168A7B /* LargeImageDownsizing.app */,
			);
			name = Products;
			sourceTree = "<group>";
		};
		2FFA204B22C9DB1400168A7B /* LargeImageDownsizing */ = {
			isa = PBXGroup;
			children = (
				2FFA204C22C9DB1400168A7B /* AppDelegate.h */,
				2FFA204D22C9DB1400168A7B /* AppDelegate.m */,
				2FFA205222C9DB1400168A7B /* Main.storyboard */,
				2FFA206A22CAFCEE00168A7B /* TableViewController.h */,
				2FFA206B22CAFCEE00168A7B /* TableViewController.m */,
				2FFA206D22CB32F100168A7B /* DownsizeImageViewController.h */,
				2FFA206E22CB32F100168A7B /* DownsizeImageViewController.m */,
				2FFA207122CB3A5300168A7B /* UIImageView+DownsizeLargeImage.h */,
				2FFA207222CB3A5300168A7B /* UIImageView+DownsizeLargeImage.m */,
				2FFA206222C9DC6700168A7B /* large_leaves_70mp.jpg */,
				2FFA205522C9DB1700168A7B /* Assets.xcassets */,
				2FFA205722C9DB1700168A7B /* LaunchScreen.storyboard */,
				2FFA205A22C9DB1700168A7B /* Info.plist */,
				2FFA205B22C9DB1700168A7B /* main.m */,
			);
			path = LargeImageDownsizing;
			sourceTree = "<group>";
		};
/* End PBXGroup section */

/* Begin PBXNativeTarget section */
		2FFA204822C9DB1400168A7B /* LargeImageDownsizing */ = {
			isa = PBXNativeTarget;
			buildConfigurationList = 2FFA205F22C9DB1700168A7B /* Build configuration list for PBXNativeTarget "LargeImageDownsizing" */;
			buildPhases = (
				2FFA204522C9DB1400168A7B /* Sources */,
				2FFA204622C9DB1400168A7B /* Frameworks */,
				2FFA204722C9DB1400168A7B /* Resources */,
			);
			buildRules = (
			);
			dependencies = (
			);
			name = LargeImageDownsizing;
			productName = LargeImageDownsizing;
			productReference = 2FFA204922C9DB1400168A7B /* LargeImageDownsizing.app */;
			productType = "com.apple.product-type.application";
		};
/* End PBXNativeTarget section */

/* Begin PBXProject section */
		2FFA204122C9DB1400168A7B /* Project object */ = {
			isa = PBXProject;
			attributes = {
				LastUpgradeCheck = 1020;
				ORGANIZATIONNAME = Zane;
				TargetAttributes = {
					2FFA204822C9DB1400168A7B = {
						CreatedOnToolsVersion = 10.2.1;
					};
				};
			};
			buildConfigurationList = 2FFA204422C9DB1400168A7B /* Build configuration list for PBXProject "LargeImageDownsizing" */;
			compatibilityVersion = "Xcode 9.3";
			developmentRegion = en;
			hasScannedForEncodings = 0;
			knownRegions = (
				en,
				Base,
			);
			mainGroup = 2FFA204022C9DB1400168A7B;
			productRefGroup = 2FFA204A22C9DB1400168A7B /* Products */;
			projectDirPath = "";
			projectRoot = "";
			targets = (
				2FFA204822C9DB1400168A7B /* LargeImageDownsizing */,
			);
		};
/* End PBXProject section */

/* Begin PBXResourcesBuildPhase section */
		2FFA204722C9DB1400168A7B /* Resources */ = {
			isa = PBXResourcesBuildPhase;
			buildActionMask = 2147483647;
			files = (
				2FFA205922C9DB1700168A7B /* LaunchScreen.storyboard in Resources */,
				2FFA206322C9DC6700168A7B /* large_leaves_70mp.jpg in Resources */,
				2FFA205622C9DB1700168A7B /* Assets.xcassets in Resources */,
				2FFA205422C9DB1400168A7B /* Main.storyboard in Resources */,
			);
			runOnlyForDeploymentPostprocessing = 0;
		};
/* End PBXResourcesBuildPhase section */

/* Begin PBXSourcesBuildPhase section */
		2FFA204522C9DB1400168A7B /* Sources */ = {
			isa = PBXSourcesBuildPhase;
			buildActionMask = 2147483647;
			files = (
				2FFA205C22C9DB1700168A7B /* main.m in Sources */,
				2FFA206F22CB32F100168A7B /* DownsizeImageViewController.m in Sources */,
				2FFA204E22C9DB1400168A7B /* AppDelegate.m in Sources */,
				2FFA206C22CAFCEE00168A7B /* TableViewController.m in Sources */,
				2FFA207322CB3A5300168A7B /* UIImageView+DownsizeLargeImage.m in Sources */,
			);
			runOnlyForDeploymentPostprocessing = 0;
		};
/* End PBXSourcesBuildPhase section */

/* Begin PBXVariantGroup section */
		2FFA205222C9DB1400168A7B /* Main.storyboard */ = {
			isa = PBXVariantGroup;
			children = (
				2FFA205322C9DB1400168A7B /* Base */,
			);
			name = Main.storyboard;
			sourceTree = "<group>";
		};
		2FFA205722C9DB1700168A7B /* LaunchScreen.storyboard */ = {
			isa = PBXVariantGroup;
			children = (
				2FFA205822C9DB1700168A7B /* Base */,
			);
			name = LaunchScreen.storyboard;
			sourceTree = "<group>";
		};
/* End PBXVariantGroup section */

/* Begin XCBuildConfiguration section */
		2FFA205D22C9DB1700168A7B /* Debug */ = {
			isa = XCBuildConfiguration;
			buildSettings = {
				ALWAYS_SEARCH_USER_PATHS = NO;
				CLANG_ANALYZER_NONNULL = YES;
				CLANG_ANALYZER_NUMBER_OBJECT_CONVERSION = YES_AGGRESSIVE;
				CLANG_CXX_LANGUAGE_STANDARD = "gnu++14";
				CLANG_CXX_LIBRARY = "libc++";
				CLANG_ENABLE_MODULES = YES;
				CLANG_ENABLE_OBJC_ARC = YES;
				CLANG_ENABLE_OBJC_WEAK = YES;
				CLANG_WARN_BLOCK_CAPTURE_AUTORELEASING = YES;
				CLANG_WARN_BOOL_CONVERSION = YES;
				CLANG_WARN_COMMA = YES;
				CLANG_WARN_CONSTANT_CONVERSION = YES;
				CLANG_WARN_DEPRECATED_OBJC_IMPLEMENTATIONS = YES;
				CLANG_WARN_DIRECT_OBJC_ISA_USAGE = YES_ERROR;
				CLANG_WARN_DOCUMENTATION_COMMENTS = YES;
				CLANG_WARN_EMPTY_BODY = YES;
				CLANG_WARN_ENUM_CONVERSION = YES;
				CLANG_WARN_INFINITE_RECURSION = YES;
				CLANG_WARN_INT_CONVERSION = YES;
				CLANG_WARN_NON_LITERAL_NULL_CONVERSION = YES;
				CLANG_WARN_OBJC_IMPLICIT_RETAIN_SELF = YES;
				CLANG_WARN_OBJC_LITERAL_CONVERSION = YES;
				CLANG_WARN_OBJC_ROOT_CLASS = YES_ERROR;
				CLANG_WARN_RANGE_LOOP_ANALYSIS = YES;
				CLANG_WARN_STRICT_PROTOTYPES = YES;
				CLANG_WARN_SUSPICIOUS_MOVE = YES;
				CLANG_WARN_UNGUARDED_AVAILABILITY = YES_AGGRESSIVE;
				CLANG_WARN_UNREACHABLE_CODE = YES;
				CLANG_WARN__DUPLICATE_METHOD_MATCH = YES;
				CODE_SIGN_IDENTITY = "iPhone Developer";
				COPY_PHASE_STRIP = NO;
				DEBUG_INFORMATION_FORMAT = dwarf;
				ENABLE_STRICT_OBJC_MSGSEND = YES;
				ENABLE_TESTABILITY = YES;
				GCC_C_LANGUAGE_STANDARD = gnu11;
				GCC_DYNAMIC_NO_PIC = NO;
				GCC_NO_COMMON_BLOCKS = YES;
				GCC_OPTIMIZATION_LEVEL = 0;
				GCC_PREPROCESSOR_DEFINITIONS = (
					"DEBUG=1",
					"$(inherited)",
				);
				GCC_WARN_64_TO_32_BIT_CONVERSION = YES;
				GCC_WARN_ABOUT_RETURN_TYPE = YES_ERROR;
				GCC_WARN_UNDECLARED_SELECTOR = YES;
				GCC_WARN_UNINITIALIZED_AUTOS = YES_AGGRESSIVE;
				GCC_WARN_UNUSED_FUNCTION = YES;
				GCC_WARN_UNUSED_VARIABLE = YES;
				IPHONEOS_DEPLOYMENT_TARGET = 12.2;
				MTL_ENABLE_DEBUG_INFO = INCLUDE_SOURCE;
				MTL_FAST_MATH = YES;
				ONLY_ACTIVE_ARCH = YES;
				SDKROOT = iphoneos;
			};
			name = Debug;
		};
		2FFA205E22C9DB1700168A7B /* Release */ = {
			isa = XCBuildConfiguration;
			buildSettings = {
				ALWAYS_SEARCH_USER_PATHS = NO;
				CLANG_ANALYZER_NONNULL = YES;
				CLANG_ANALYZER_NUMBER_OBJECT_CONVERSION = YES_AGGRESSIVE;
				CLANG_CXX_LANGUAGE_STANDARD = "gnu++14";
				CLANG_CXX_LIBRARY = "libc++";
				CLANG_ENABLE_MODULES = YES;
				CLANG_ENABLE_OBJC_ARC = YES;
				CLANG_ENABLE_OBJC_WEAK = YES;
				CLANG_WARN_BLOCK_CAPTURE_AUTORELEASING = YES;
				CLANG_WARN_BOOL_CONVERSION = YES;
				CLANG_WARN_COMMA = YES;
				CLANG_WARN_CONSTANT_CONVERSION = YES;
				CLANG_WARN_DEPRECATED_OBJC_IMPLEMENTATIONS = YES;
				CLANG_WARN_DIRECT_OBJC_ISA_USAGE = YES_ERROR;
				CLANG_WARN_DOCUMENTATION_COMMENTS = YES;
				CLANG_WARN_EMPTY_BODY = YES;
				CLANG_WARN_ENUM_CONVERSION = YES;
				CLANG_WARN_INFINITE_RECURSION = YES;
				CLANG_WARN_INT_CONVERSION = YES;
				CLANG_WARN_NON_LITERAL_NULL_CONVERSION = YES;
				CLANG_WARN_OBJC_IMPLICIT_RETAIN_SELF = YES;
				CLANG_WARN_OBJC_LITERAL_CONVERSION = YES;
				CLANG_WARN_OBJC_ROOT_CLASS = YES_ERROR;
				CLANG_WARN_RANGE_LOOP_ANALYSIS = YES;
				CLANG_WARN_STRICT_PROTOTYPES = YES;
				CLANG_WARN_SUSPICIOUS_MOVE = YES;
				CLANG_WARN_UNGUARDED_AVAILABILITY = YES_AGGRESSIVE;
				CLANG_WARN_UNREACHABLE_CODE = YES;
				CLANG_WARN__DUPLICATE_METHOD_MATCH = YES;
				CODE_SIGN_IDENTITY = "iPhone Developer";
				COPY_PHASE_STRIP = NO;
				DEBUG_INFORMATION_FORMAT = "dwarf-with-dsym";
				ENABLE_NS_ASSERTIONS = NO;
				ENABLE_STRICT_OBJC_MSGSEND = YES;
				GCC_C_LANGUAGE_STANDARD = gnu11;
				GCC_NO_COMMON_BLOCKS = YES;
				GCC_WARN_64_TO_32_BIT_CONVERSION = YES;
				GCC_WARN_ABOUT_RETURN_TYPE = YES_ERROR;
				GCC_WARN_UNDECLARED_SELECTOR = YES;
				GCC_WARN_UNINITIALIZED_AUTOS = YES_AGGRESSIVE;
				GCC_WARN_UNUSED_FUNCTION = YES;
				GCC_WARN_UNUSED_VARIABLE = YES;
				IPHONEOS_DEPLOYMENT_TARGET = 12.2;
				MTL_ENABLE_DEBUG_INFO = NO;
				MTL_FAST_MATH = YES;
				SDKROOT = iphoneos;
				VALIDATE_PRODUCT = YES;
			};
			name = Release;
		};
		2FFA206022C9DB1700168A7B /* Debug */ = {
			isa = XCBuildConfiguration;
			buildSettings = {
				ASSETCATALOG_COMPILER_APPICON_NAME = AppIcon;
				CODE_SIGN_STYLE = Manual;
				DEVELOPMENT_TEAM = "";
				INFOPLIST_FILE = LargeImageDownsizing/Info.plist;
				LD_RUNPATH_SEARCH_PATHS = (
					"$(inherited)",
					"@executable_path/Frameworks",
				);
				PRODUCT_BUNDLE_IDENTIFIER = com.zane.LargeImageDownsizing;
				PRODUCT_NAME = "$(TARGET_NAME)";
				PROVISIONING_PROFILE_SPECIFIER = "";
				TARGETED_DEVICE_FAMILY = "1,2";
			};
			name = Debug;
		};
		2FFA206122C9DB1700168A7B /* Release */ = {
			isa = XCBuildConfiguration;
			buildSettings = {
				ASSETCATALOG_COMPILER_APPICON_NAME = AppIcon;
				CODE_SIGN_STYLE = Manual;
				DEVELOPMENT_TEAM = "";
				INFOPLIST_FILE = LargeImageDownsizing/Info.plist;
				LD_RUNPATH_SEARCH_PATHS = (
					"$(inherited)",
					"@executable_path/Frameworks",
				);
				PRODUCT_BUNDLE_IDENTIFIER = com.zane.LargeImageDownsizing;
				PRODUCT_NAME = "$(TARGET_NAME)";
				PROVISIONING_PROFILE_SPECIFIER = "";
				TARGETED_DEVICE_FAMILY = "1,2";
			};
			name = Release;
		};
/* End XCBuildConfiguration section */

/* Begin XCConfigurationList section */
		2FFA204422C9DB1400168A7B /* Build configuration list for PBXProject "LargeImageDownsizing" */ = {
			isa = XCConfigurationList;
			buildConfigurations = (
				2FFA205D22C9DB1700168A7B /* Debug */,
				2FFA205E22C9DB1700168A7B /* Release */,
			);
			defaultConfigurationIsVisible = 0;
			defaultConfigurationName = Release;
		};
		2FFA205F22C9DB1700168A7B /* Build configuration list for PBXNativeTarget "LargeImageDownsizing" */ = {
			isa = XCConfigurationList;
			buildConfigurations = (
				2FFA206022C9DB1700168A7B /* Debug */,
				2FFA206122C9DB1700168A7B /* Release */,
			);
			defaultConfigurationIsVisible = 0;
			defaultConfigurationName = Release;
		};
/* End XCConfigurationList section */
	};
	rootObject = 2FFA204122C9DB1400168A7B /* Project object */;
}
